// !$*UTF8*$!
{
	archiveVersion = 1;
	classes = {
	};
	objectVersion = 46;
	objects = {

/* Begin PBXBuildFile section */
		C69007A91AFCB06C0039987A /* main.m in Sources */ = {isa = PBXBuildFile; fileRef = C69007A81AFCB06C0039987A /* main.m */; };
		C69007AC1AFCB06C0039987A /* AppDelegate.m in Sources */ = {isa = PBXBuildFile; fileRef = C69007AB1AFCB06C0039987A /* AppDelegate.m */; };
		C69007AE1AFCB06C0039987A /* Images.xcassets in Resources */ = {isa = PBXBuildFile; fileRef = C69007AD1AFCB06C0039987A /* Images.xcassets */; };
		C69007B11AFCB06C0039987A /* LaunchScreen.xib in Resources */ = {isa = PBXBuildFile; fileRef = C69007AF1AFCB06C0039987A /* LaunchScreen.xib */; };
		C69007BD1AFCB06C0039987A /* Loading2Tests.m in Sources */ = {isa = PBXBuildFile; fileRef = C69007BC1AFCB06C0039987A /* Loading2Tests.m */; };
		C69007C81AFCB0A30039987A /* LoadingView.m in Sources */ = {isa = PBXBuildFile; fileRef = C69007C71AFCB0A30039987A /* LoadingView.m */; };
		C69007CB1AFCB5FC0039987A /* MainView.m in Sources */ = {isa = PBXBuildFile; fileRef = C69007CA1AFCB5FC0039987A /* MainView.m */; };
		C69007CE1AFCB60A0039987A /* MainViewController.m in Sources */ = {isa = PBXBuildFile; fileRef = C69007CD1AFCB60A0039987A /* MainViewController.m */; };
		C69007D41AFCC60A0039987A /* CircleLayer.m in Sources */ = {isa = PBXBuildFile; fileRef = C69007D31AFCC60A0039987A /* CircleLayer.m */; };
/* End PBXBuildFile section */

/* Begin PBXContainerItemProxy section */
		C69007B71AFCB06C0039987A /* PBXContainerItemProxy */ = {
			isa = PBXContainerItemProxy;
			containerPortal = C690079B1AFCB06C0039987A /* Project object */;
			proxyType = 1;
			remoteGlobalIDString = C69007A21AFCB06C0039987A;
			remoteInfo = Loading2;
		};
/* End PBXContainerItemProxy section */

/* Begin PBXFileReference section */
		C69007A31AFCB06C0039987A /* Loading2.app */ = {isa = PBXFileReference; explicitFileType = wrapper.application; includeInIndex = 0; path = Loading2.app; sourceTree = BUILT_PRODUCTS_DIR; };
		C69007A71AFCB06C0039987A /* Info.plist */ = {isa = PBXFileReference; lastKnownFileType = text.plist.xml; path = Info.plist; sourceTree = "<group>"; };
		C69007A81AFCB06C0039987A /* main.m */ = {isa = PBXFileReference; lastKnownFileType = sourcecode.c.objc; path = main.m; sourceTree = "<group>"; };
		C69007AA1AFCB06C0039987A /* AppDelegate.h */ = {isa = PBXFileReference; lastKnownFileType = sourcecode.c.h; path = AppDelegate.h; sourceTree = "<group>"; };
		C69007AB1AFCB06C0039987A /* AppDelegate.m */ = {isa = PBXFileReference; lastKnownFileType = sourcecode.c.objc; path = AppDelegate.m; sourceTree = "<group>"; };
		C69007AD1AFCB06C0039987A /* Images.xcassets */ = {isa = PBXFileReference; lastKnownFileType = folder.assetcatalog; path = Images.xcassets; sourceTree = "<group>"; };
		C69007B01AFCB06C0039987A /* Base */ = {isa = PBXFileReference; lastKnownFileType = file.xib; name = Base; path = Base.lproj/LaunchScreen.xib; sourceTree = "<group>"; };
		C69007B61AFCB06C0039987A /* Loading2Tests.xctest */ = {isa = PBXFileReference; explicitFileType = wrapper.cfbundle; includeInIndex = 0; path = Loading2Tests.xctest; sourceTree = BUILT_PRODUCTS_DIR; };
		C69007BB1AFCB06C0039987A /* Info.plist */ = {isa = PBXFileReference; lastKnownFileType = text.plist.xml; path = Info.plist; sourceTree = "<group>"; };
		C69007BC1AFCB06C0039987A /* Loading2Tests.m */ = {isa = PBXFileReference; lastKnownFileType = sourcecode.c.objc; path = Loading2Tests.m; sourceTree = "<group>"; };
		C69007C61AFCB0A30039987A /* LoadingView.h */ = {isa = PBXFileReference; fileEncoding = 4; lastKnownFileType = sourcecode.c.h; path = LoadingView.h; sourceTree = "<group>"; };
		C69007C71AFCB0A30039987A /* LoadingView.m */ = {isa = PBXFileReference; fileEncoding = 4; lastKnownFileType = sourcecode.c.objc; path = LoadingView.m; sourceTree = "<group>"; };
		C69007C91AFCB5FC0039987A /* MainView.h */ = {isa = PBXFileReference; fileEncoding = 4; lastKnownFileType = sourcecode.c.h; path = MainView.h; sourceTree = "<group>"; };
		C69007CA1AFCB5FC0039987A /* MainView.m */ = {isa = PBXFileReference; fileEncoding = 4; lastKnownFileType = sourcecode.c.objc; path = MainView.m; sourceTree = "<group>"; };
		C69007CC1AFCB60A0039987A /* MainViewController.h */ = {isa = PBXFileReference; fileEncoding = 4; lastKnownFileType = sourcecode.c.h; path = MainViewController.h; sourceTree = "<group>"; };
		C69007CD1AFCB60A0039987A /* MainViewController.m */ = {isa = PBXFileReference; fileEncoding = 4; lastKnownFileType = sourcecode.c.objc; path = MainViewController.m; sourceTree = "<group>"; };
		C69007D21AFCC60A0039987A /* CircleLayer.h */ = {isa = PBXFileReference; fileEncoding = 4; lastKnownFileType = sourcecode.c.h; path = CircleLayer.h; sourceTree = "<group>"; };
		C69007D31AFCC60A0039987A /* CircleLayer.m */ = {isa = PBXFileReference; fileEncoding = 4; lastKnownFileType = sourcecode.c.objc; path = CircleLayer.m; sourceTree = "<group>"; };
/* End PBXFileReference section */

/* Begin PBXFrameworksBuildPhase section */
		C69007A01AFCB06C0039987A /* Frameworks */ = {
			isa = PBXFrameworksBuildPhase;
			buildActionMask = 2147483647;
			files = (
			);
			runOnlyForDeploymentPostprocessing = 0;
		};
		C69007B31AFCB06C0039987A /* Frameworks */ = {
			isa = PBXFrameworksBuildPhase;
			buildActionMask = 2147483647;
			files = (
			);
			runOnlyForDeploymentPostprocessing = 0;
		};
/* End PBXFrameworksBuildPhase section */

/* Begin PBXGroup section */
		C690079A1AFCB06C0039987A = {
			isa = PBXGroup;
			children = (
				C69007A51AFCB06C0039987A /* Loading2 */,
				C69007B91AFCB06C0039987A /* Loading2Tests */,
				C69007A41AFCB06C0039987A /* Products */,
			);
			sourceTree = "<group>";
		};
		C69007A41AFCB06C0039987A /* Products */ = {
			isa = PBXGroup;
			children = (
				C69007A31AFCB06C0039987A /* Loading2.app */,
				C69007B61AFCB06C0039987A /* Loading2Tests.xctest */,
			);
			name = Products;
			sourceTree = "<group>";
		};
		C69007A51AFCB06C0039987A /* Loading2 */ = {
			isa = PBXGroup;
			children = (
				C69007AA1AFCB06C0039987A /* AppDelegate.h */,
				C69007AB1AFCB06C0039987A /* AppDelegate.m */,
				C69007AD1AFCB06C0039987A /* Images.xcassets */,
				C69007AF1AFCB06C0039987A /* LaunchScreen.xib */,
				C69007A61AFCB06C0039987A /* Supporting Files */,
				C69007C61AFCB0A30039987A /* LoadingView.h */,
				C69007C71AFCB0A30039987A /* LoadingView.m */,
				C69007C91AFCB5FC0039987A /* MainView.h */,
				C69007CA1AFCB5FC0039987A /* MainView.m */,
				C69007CC1AFCB60A0039987A /* MainViewController.h */,
				C69007CD1AFCB60A0039987A /* MainViewController.m */,
				C69007D21AFCC60A0039987A /* CircleLayer.h */,
				C69007D31AFCC60A0039987A /* CircleLayer.m */,
			);
			path = Loading2;
			sourceTree = "<group>";
		};
		C69007A61AFCB06C0039987A /* Supporting Files */ = {
			isa = PBXGroup;
			children = (
				C69007A71AFCB06C0039987A /* Info.plist */,
				C69007A81AFCB06C0039987A /* main.m */,
			);
			name = "Supporting Files";
			sourceTree = "<group>";
		};
		C69007B91AFCB06C0039987A /* Loading2Tests */ = {
			isa = PBXGroup;
			children = (
				C69007BC1AFCB06C0039987A /* Loading2Tests.m */,
				C69007BA1AFCB06C0039987A /* Supporting Files */,
			);
			path = Loading2Tests;
			sourceTree = "<group>";
		};
		C69007BA1AFCB06C0039987A /* Supporting Files */ = {
			isa = PBXGroup;
			children = (
				C69007BB1AFCB06C0039987A /* Info.plist */,
			);
			name = "Supporting Files";
			sourceTree = "<group>";
		};
/* End PBXGroup section */

/* Begin PBXNativeTarget section */
		C69007A21AFCB06C0039987A /* Loading2 */ = {
			isa = PBXNativeTarget;
			buildConfigurationList = C69007C01AFCB06C0039987A /* Build configuration list for PBXNativeTarget "Loading2" */;
			buildPhases = (
				C690079F1AFCB06C0039987A /* Sources */,
				C69007A01AFCB06C0039987A /* Frameworks */,
				C69007A11AFCB06C0039987A /* Resources */,
			);
			buildRules = (
			);
			dependencies = (
			);
			name = Loading2;
			productName = Loading2;
			productReference = C69007A31AFCB06C0039987A /* Loading2.app */;
			productType = "com.apple.product-type.application";
		};
		C69007B51AFCB06C0039987A /* Loading2Tests */ = {
			isa = PBXNativeTarget;
			buildConfigurationList = C69007C31AFCB06C0039987A /* Build configuration list for PBXNativeTarget "Loading2Tests" */;
			buildPhases = (
				C69007B21AFCB06C0039987A /* Sources */,
				C69007B31AFCB06C0039987A /* Frameworks */,
				C69007B41AFCB06C0039987A /* Resources */,
			);
			buildRules = (
			);
			dependencies = (
				C69007B81AFCB06C0039987A /* PBXTargetDependency */,
			);
			name = Loading2Tests;
			productName = Loading2Tests;
			productReference = C69007B61AFCB06C0039987A /* Loading2Tests.xctest */;
			productType = "com.apple.product-type.bundle.unit-test";
		};
/* End PBXNativeTarget section */

/* Begin PBXProject section */
		C690079B1AFCB06C0039987A /* Project object */ = {
			isa = PBXProject;
			attributes = {
				LastUpgradeCheck = 0630;
				ORGANIZATIONNAME = Chentao;
				TargetAttributes = {
					C69007A21AFCB06C0039987A = {
						CreatedOnToolsVersion = 6.3;
					};
					C69007B51AFCB06C0039987A = {
						CreatedOnToolsVersion = 6.3;
						TestTargetID = C69007A21AFCB06C0039987A;
					};
				};
			};
			buildConfigurationList = C690079E1AFCB06C0039987A /* Build configuration list for PBXProject "Loading2" */;
			compatibilityVersion = "Xcode 3.2";
			developmentRegion = English;
			hasScannedForEncodings = 0;
			knownRegions = (
				en,
				Base,
			);
			mainGroup = C690079A1AFCB06C0039987A;
			productRefGroup = C69007A41AFCB06C0039987A /* Products */;
			projectDirPath = "";
			projectRoot = "";
			targets = (
				C69007A21AFCB06C0039987A /* Loading2 */,
				C69007B51AFCB06C0039987A /* Loading2Tests */,
			);
		};
/* End PBXProject section */

/* Begin PBXResourcesBuildPhase section */
		C69007A11AFCB06C0039987A /* Resources */ = {
			isa = PBXResourcesBuildPhase;
			buildActionMask = 2147483647;
			files = (
				C69007B11AFCB06C0039987A /* LaunchScreen.xib in Resources */,
				C69007AE1AFCB06C0039987A /* Images.xcassets in Resources */,
			);
			runOnlyForDeploymentPostprocessing = 0;
		};
		C69007B41AFCB06C0039987A /* Resources */ = {
			isa = PBXResourcesBuildPhase;
			buildActionMask = 2147483647;
			files = (
			);
			runOnlyForDeploymentPostprocessing = 0;
		};
/* End PBXResourcesBuildPhase section */

/* Begin PBXSourcesBuildPhase section */
		C690079F1AFCB06C0039987A /* Sources */ = {
			isa = PBXSourcesBuildPhase;
			buildActionMask = 2147483647;
			files = (
				C69007AC1AFCB06C0039987A /* AppDelegate.m in Sources */,
				C69007CB1AFCB5FC0039987A /* MainView.m in Sources */,
				C69007C81AFCB0A30039987A /* LoadingView.m in Sources */,
				C69007D41AFCC60A0039987A /* CircleLayer.m in Sources */,
				C69007CE1AFCB60A0039987A /* MainViewController.m in Sources */,
				C69007A91AFCB06C0039987A /* main.m in Sources */,
			);
			runOnlyForDeploymentPostprocessing = 0;
		};
		C69007B21AFCB06C0039987A /* Sources */ = {
			isa = PBXSourcesBuildPhase;
			buildActionMask = 2147483647;
			files = (
				C69007BD1AFCB06C0039987A /* Loading2Tests.m in Sources */,
			);
			runOnlyForDeploymentPostprocessing = 0;
		};
/* End PBXSourcesBuildPhase section */

/* Begin PBXTargetDependency section */
		C69007B81AFCB06C0039987A /* PBXTargetDependency */ = {
			isa = PBXTargetDependency;
			target = C69007A21AFCB06C0039987A /* Loading2 */;
			targetProxy = C69007B71AFCB06C0039987A /* PBXContainerItemProxy */;
		};
/* End PBXTargetDependency section */

/* Begin PBXVariantGroup section */
		C69007AF1AFCB06C0039987A /* LaunchScreen.xib */ = {
			isa = PBXVariantGroup;
			children = (
				C69007B01AFCB06C0039987A /* Base */,
			);
			name = LaunchScreen.xib;
			sourceTree = "<group>";
		};
/* End PBXVariantGroup section */

/* Begin XCBuildConfiguration section */
		C69007BE1AFCB06C0039987A /* Debug */ = {
			isa = XCBuildConfiguration;
			buildSettings = {
				ALWAYS_SEARCH_USER_PATHS = NO;
				CLANG_CXX_LANGUAGE_STANDARD = "gnu++0x";
				CLANG_CXX_LIBRARY = "libc++";
				CLANG_ENABLE_MODULES = YES;
				CLANG_ENABLE_OBJC_ARC = YES;
				CLANG_WARN_BOOL_CONVERSION = YES;
				CLANG_WARN_CONSTANT_CONVERSION = YES;
				CLANG_WARN_DIRECT_OBJC_ISA_USAGE = YES_ERROR;
				CLANG_WARN_EMPTY_BODY = YES;
				CLANG_WARN_ENUM_CONVERSION = YES;
				CLANG_WARN_INT_CONVERSION = YES;
				CLANG_WARN_OBJC_ROOT_CLASS = YES_ERROR;
				CLANG_WARN_UNREACHABLE_CODE = YES;
				CLANG_WARN__DUPLICATE_METHOD_MATCH = YES;
				"CODE_SIGN_IDENTITY[sdk=iphoneos*]" = "iPhone Developer";
				COPY_PHASE_STRIP = NO;
				DEBUG_INFORMATION_FORMAT = "dwarf-with-dsym";
				ENABLE_STRICT_OBJC_MSGSEND = YES;
				GCC_C_LANGUAGE_STANDARD = gnu99;
				GCC_DYNAMIC_NO_PIC = NO;
				GCC_NO_COMMON_BLOCKS = YES;
				GCC_OPTIMIZATION_LEVEL = 0;
				GCC_PREPROCESSOR_DEFINITIONS = (
					"DEBUG=1",
					"$(inherited)",
				);
				GCC_SYMBOLS_PRIVATE_EXTERN = NO;
				GCC_WARN_64_TO_32_BIT_CONVERSION = YES;
				GCC_WARN_ABOUT_RETURN_TYPE = YES_ERROR;
				GCC_WARN_UNDECLARED_SELECTOR = YES;
				GCC_WARN_UNINITIALIZED_AUTOS = YES_AGGRESSIVE;
				GCC_WARN_UNUSED_FUNCTION = YES;
				GCC_WARN_UNUSED_VARIABLE = YES;
				IPHONEOS_DEPLOYMENT_TARGET = 8.3;
				MTL_ENABLE_DEBUG_INFO = YES;
				ONLY_ACTIVE_ARCH = YES;
				SDKROOT = iphoneos;
				TARGETED_DEVICE_FAMILY = "1,2";
			};
			name = Debug;
		};
		C69007BF1AFCB06C0039987A /* Release */ = {
			isa = XCBuildConfiguration;
			buildSettings = {
				ALWAYS_SEARCH_USER_PATHS = NO;
				CLANG_CXX_LANGUAGE_STANDARD = "gnu++0x";
				CLANG_CXX_LIBRARY = "libc++";
				CLANG_ENABLE_MODULES = YES;
				CLANG_ENABLE_OBJC_ARC = YES;
				CLANG_WARN_BOOL_CONVERSION = YES;
				CLANG_WARN_CONSTANT_CONVERSION = YES;
				CLANG_WARN_DIRECT_OBJC_ISA_USAGE = YES_ERROR;
				CLANG_WARN_EMPTY_BODY = YES;
				CLANG_WARN_ENUM_CONVERSION = YES;
				CLANG_WARN_INT_CONVERSION = YES;
				CLANG_WARN_OBJC_ROOT_CLASS = YES_ERROR;
				CLANG_WARN_UNREACHABLE_CODE = YES;
				CLANG_WARN__DUPLICATE_METHOD_MATCH = YES;
				"CODE_SIGN_IDENTITY[sdk=iphoneos*]" = "iPhone Developer";
				COPY_PHASE_STRIP = NO;
				DEBUG_INFORMATION_FORMAT = "dwarf-with-dsym";
				ENABLE_NS_ASSERTIONS = NO;
				ENABLE_STRICT_OBJC_MSGSEND = YES;
				GCC_C_LANGUAGE_STANDARD = gnu99;
				GCC_NO_COMMON_BLOCKS = YES;
				GCC_WARN_64_TO_32_BIT_CONVERSION = YES;
				GCC_WARN_ABOUT_RETURN_TYPE = YES_ERROR;
				GCC_WARN_UNDECLARED_SELECTOR = YES;
				GCC_WARN_UNINITIALIZED_AUTOS = YES_AGGRESSIVE;
				GCC_WARN_UNUSED_FUNCTION = YES;
				GCC_WARN_UNUSED_VARIABLE = YES;
				IPHONEOS_DEPLOYMENT_TARGET = 8.3;
				MTL_ENABLE_DEBUG_INFO = NO;
				SDKROOT = iphoneos;
				TARGETED_DEVICE_FAMILY = "1,2";
				VALIDATE_PRODUCT = YES;
			};
			name = Release;
		};
		C69007C11AFCB06C0039987A /* Debug */ = {
			isa = XCBuildConfiguration;
			buildSettings = {
				ASSETCATALOG_COMPILER_APPICON_NAME = AppIcon;
				INFOPLIST_FILE = Loading2/Info.plist;
				LD_RUNPATH_SEARCH_PATHS = "$(inherited) @executable_path/Frameworks";
				PRODUCT_NAME = "$(TARGET_NAME)";
				PROVISIONING_PROFILE = "ec36ddb5-dc0d-479d-be57-87228576a9a1";
			};
			name = Debug;
		};
		C69007C21AFCB06C0039987A /* Release */ = {
			isa = XCBuildConfiguration;
			buildSettings = {
				ASSETCATALOG_COMPILER_APPICON_NAME = AppIcon;
				INFOPLIST_FILE = Loading2/Info.plist;
				LD_RUNPATH_SEARCH_PATHS = "$(inherited) @executable_path/Frameworks";
				PRODUCT_NAME = "$(TARGET_NAME)";
				PROVISIONING_PROFILE = "ec36ddb5-dc0d-479d-be57-87228576a9a1";
			};
			name = Release;
		};
		C69007C41AFCB06C0039987A /* Debug */ = {
			isa = XCBuildConfiguration;
			buildSettings = {
				BUNDLE_LOADER = "$(TEST_HOST)";
				FRAMEWORK_SEARCH_PATHS = (
					"$(SDKROOT)/Developer/Library/Frameworks",
					"$(inherited)",
				);
				GCC_PREPROCESSOR_DEFINITIONS = (
					"DEBUG=1",
					"$(inherited)",
				);
				INFOPLIST_FILE = Loading2Tests/Info.plist;
				LD_RUNPATH_SEARCH_PATHS = "$(inherited) @executable_path/Frameworks @loader_path/Frameworks";
				PRODUCT_NAME = "$(TARGET_NAME)";
				TEST_HOST = "$(BUILT_PRODUCTS_DIR)/Loading2.app/Loading2";
			};
			name = Debug;
		};
		C69007C51AFCB06C0039987A /* Release */ = {
			isa = XCBuildConfiguration;
			buildSettings = {
				BUNDLE_LOADER = "$(TEST_HOST)";
				FRAMEWORK_SEARCH_PATHS = (
					"$(SDKROOT)/Developer/Library/Frameworks",
					"$(inherited)",
				);
				INFOPLIST_FILE = Loading2Tests/Info.plist;
				LD_RUNPATH_SEARCH_PATHS = "$(inherited) @executable_path/Frameworks @loader_path/Frameworks";
				PRODUCT_NAME = "$(TARGET_NAME)";
				TEST_HOST = "$(BUILT_PRODUCTS_DIR)/Loading2.app/Loading2";
			};
			name = Release;
		};
/* End XCBuildConfiguration section */

/* Begin XCConfigurationList section */
		C690079E1AFCB06C0039987A /* Build configuration list for PBXProject "Loading2" */ = {
			isa = XCConfigurationList;
			buildConfigurations = (
				C69007BE1AFCB06C0039987A /* Debug */,
				C69007BF1AFCB06C0039987A /* Release */,
			);
			defaultConfigurationIsVisible = 0;
			defaultConfigurationName = Release;
		};
		C69007C01AFCB06C0039987A /* Build configuration list for PBXNativeTarget "Loading2" */ = {
			isa = XCConfigurationList;
			buildConfigurations = (
				C69007C11AFCB06C0039987A /* Debug */,
				C69007C21AFCB06C0039987A /* Release */,
			);
			defaultConfigurationIsVisible = 0;
			defaultConfigurationName = Release;
		};
		C69007C31AFCB06C0039987A /* Build configuration list for PBXNativeTarget "Loading2Tests" */ = {
			isa = XCConfigurationList;
			buildConfigurations = (
				C69007C41AFCB06C0039987A /* Debug */,
				C69007C51AFCB06C0039987A /* Release */,
			);
			defaultConfigurationIsVisible = 0;
			defaultConfigurationName = Release;
		};
/* End XCConfigurationList section */
	};
	rootObject = C690079B1AFCB06C0039987A /* Project object */;
}
