// !$*UTF8*$!
{
	archiveVersion = 1;
	classes = {
	};
	objectVersion = 46;
	objects = {

/* Begin PBXBuildFile section */
		C6289BA81AF224B20038410A /* main.m in Sources */ = {isa = PBXBuildFile; fileRef = C6289BA71AF224B20038410A /* main.m */; };
		C6289BAB1AF224B20038410A /* AppDelegate.m in Sources */ = {isa = PBXBuildFile; fileRef = C6289BAA1AF224B20038410A /* AppDelegate.m */; };
		C6289BAD1AF224B20038410A /* Images.xcassets in Resources */ = {isa = PBXBuildFile; fileRef = C6289BAC1AF224B20038410A /* Images.xcassets */; };
		C6289BB01AF224B20038410A /* LaunchScreen.xib in Resources */ = {isa = PBXBuildFile; fileRef = C6289BAE1AF224B20038410A /* LaunchScreen.xib */; };
		C6289BBC1AF224B20038410A /* ImageZoomTests.m in Sources */ = {isa = PBXBuildFile; fileRef = C6289BBB1AF224B20038410A /* ImageZoomTests.m */; };
		C6289BC71AF224CD0038410A /* MainViewController.m in Sources */ = {isa = PBXBuildFile; fileRef = C6289BC61AF224CD0038410A /* MainViewController.m */; };
		C6289BCA1AF225070038410A /* ImageZoomView.m in Sources */ = {isa = PBXBuildFile; fileRef = C6289BC91AF225070038410A /* ImageZoomView.m */; };
		C6289BCC1AF225E10038410A /* test.jpg in Resources */ = {isa = PBXBuildFile; fileRef = C6289BCB1AF225E10038410A /* test.jpg */; };
		C6289BCE1AF22EA90038410A /* test2.jpg in Resources */ = {isa = PBXBuildFile; fileRef = C6289BCD1AF22EA90038410A /* test2.jpg */; };
/* End PBXBuildFile section */

/* Begin PBXContainerItemProxy section */
		C6289BB61AF224B20038410A /* PBXContainerItemProxy */ = {
			isa = PBXContainerItemProxy;
			containerPortal = C6289B9A1AF224B20038410A /* Project object */;
			proxyType = 1;
			remoteGlobalIDString = C6289BA11AF224B20038410A;
			remoteInfo = ImageZoom;
		};
/* End PBXContainerItemProxy section */

/* Begin PBXFileReference section */
		C6289BA21AF224B20038410A /* ImageZoom.app */ = {isa = PBXFileReference; explicitFileType = wrapper.application; includeInIndex = 0; path = ImageZoom.app; sourceTree = BUILT_PRODUCTS_DIR; };
		C6289BA61AF224B20038410A /* Info.plist */ = {isa = PBXFileReference; lastKnownFileType = text.plist.xml; path = Info.plist; sourceTree = "<group>"; };
		C6289BA71AF224B20038410A /* main.m */ = {isa = PBXFileReference; lastKnownFileType = sourcecode.c.objc; path = main.m; sourceTree = "<group>"; };
		C6289BA91AF224B20038410A /* AppDelegate.h */ = {isa = PBXFileReference; lastKnownFileType = sourcecode.c.h; path = AppDelegate.h; sourceTree = "<group>"; };
		C6289BAA1AF224B20038410A /* AppDelegate.m */ = {isa = PBXFileReference; lastKnownFileType = sourcecode.c.objc; path = AppDelegate.m; sourceTree = "<group>"; };
		C6289BAC1AF224B20038410A /* Images.xcassets */ = {isa = PBXFileReference; lastKnownFileType = folder.assetcatalog; path = Images.xcassets; sourceTree = "<group>"; };
		C6289BAF1AF224B20038410A /* Base */ = {isa = PBXFileReference; lastKnownFileType = file.xib; name = Base; path = Base.lproj/LaunchScreen.xib; sourceTree = "<group>"; };
		C6289BB51AF224B20038410A /* ImageZoomTests.xctest */ = {isa = PBXFileReference; explicitFileType = wrapper.cfbundle; includeInIndex = 0; path = ImageZoomTests.xctest; sourceTree = BUILT_PRODUCTS_DIR; };
		C6289BBA1AF224B20038410A /* Info.plist */ = {isa = PBXFileReference; lastKnownFileType = text.plist.xml; path = Info.plist; sourceTree = "<group>"; };
		C6289BBB1AF224B20038410A /* ImageZoomTests.m */ = {isa = PBXFileReference; lastKnownFileType = sourcecode.c.objc; path = ImageZoomTests.m; sourceTree = "<group>"; };
		C6289BC51AF224CD0038410A /* MainViewController.h */ = {isa = PBXFileReference; fileEncoding = 4; lastKnownFileType = sourcecode.c.h; path = MainViewController.h; sourceTree = "<group>"; };
		C6289BC61AF224CD0038410A /* MainViewController.m */ = {isa = PBXFileReference; fileEncoding = 4; lastKnownFileType = sourcecode.c.objc; path = MainViewController.m; sourceTree = "<group>"; };
		C6289BC81AF225070038410A /* ImageZoomView.h */ = {isa = PBXFileReference; fileEncoding = 4; lastKnownFileType = sourcecode.c.h; path = ImageZoomView.h; sourceTree = "<group>"; };
		C6289BC91AF225070038410A /* ImageZoomView.m */ = {isa = PBXFileReference; fileEncoding = 4; lastKnownFileType = sourcecode.c.objc; path = ImageZoomView.m; sourceTree = "<group>"; };
		C6289BCB1AF225E10038410A /* test.jpg */ = {isa = PBXFileReference; lastKnownFileType = image.jpeg; path = test.jpg; sourceTree = "<group>"; };
		C6289BCD1AF22EA90038410A /* test2.jpg */ = {isa = PBXFileReference; lastKnownFileType = image.jpeg; path = test2.jpg; sourceTree = "<group>"; };
/* End PBXFileReference section */

/* Begin PBXFrameworksBuildPhase section */
		C6289B9F1AF224B20038410A /* Frameworks */ = {
			isa = PBXFrameworksBuildPhase;
			buildActionMask = 2147483647;
			files = (
			);
			runOnlyForDeploymentPostprocessing = 0;
		};
		C6289BB21AF224B20038410A /* Frameworks */ = {
			isa = PBXFrameworksBuildPhase;
			buildActionMask = 2147483647;
			files = (
			);
			runOnlyForDeploymentPostprocessing = 0;
		};
/* End PBXFrameworksBuildPhase section */

/* Begin PBXGroup section */
		C6289B991AF224B20038410A = {
			isa = PBXGroup;
			children = (
				C6289BA41AF224B20038410A /* ImageZoom */,
				C6289BB81AF224B20038410A /* ImageZoomTests */,
				C6289BA31AF224B20038410A /* Products */,
			);
			sourceTree = "<group>";
		};
		C6289BA31AF224B20038410A /* Products */ = {
			isa = PBXGroup;
			children = (
				C6289BA21AF224B20038410A /* ImageZoom.app */,
				C6289BB51AF224B20038410A /* ImageZoomTests.xctest */,
			);
			name = Products;
			sourceTree = "<group>";
		};
		C6289BA41AF224B20038410A /* ImageZoom */ = {
			isa = PBXGroup;
			children = (
				C6289BCD1AF22EA90038410A /* test2.jpg */,
				C6289BCB1AF225E10038410A /* test.jpg */,
				C6289BA91AF224B20038410A /* AppDelegate.h */,
				C6289BAA1AF224B20038410A /* AppDelegate.m */,
				C6289BAC1AF224B20038410A /* Images.xcassets */,
				C6289BAE1AF224B20038410A /* LaunchScreen.xib */,
				C6289BA51AF224B20038410A /* Supporting Files */,
				C6289BC51AF224CD0038410A /* MainViewController.h */,
				C6289BC61AF224CD0038410A /* MainViewController.m */,
				C6289BC81AF225070038410A /* ImageZoomView.h */,
				C6289BC91AF225070038410A /* ImageZoomView.m */,
			);
			path = ImageZoom;
			sourceTree = "<group>";
		};
		C6289BA51AF224B20038410A /* Supporting Files */ = {
			isa = PBXGroup;
			children = (
				C6289BA61AF224B20038410A /* Info.plist */,
				C6289BA71AF224B20038410A /* main.m */,
			);
			name = "Supporting Files";
			sourceTree = "<group>";
		};
		C6289BB81AF224B20038410A /* ImageZoomTests */ = {
			isa = PBXGroup;
			children = (
				C6289BBB1AF224B20038410A /* ImageZoomTests.m */,
				C6289BB91AF224B20038410A /* Supporting Files */,
			);
			path = ImageZoomTests;
			sourceTree = "<group>";
		};
		C6289BB91AF224B20038410A /* Supporting Files */ = {
			isa = PBXGroup;
			children = (
				C6289BBA1AF224B20038410A /* Info.plist */,
			);
			name = "Supporting Files";
			sourceTree = "<group>";
		};
/* End PBXGroup section */

/* Begin PBXNativeTarget section */
		C6289BA11AF224B20038410A /* ImageZoom */ = {
			isa = PBXNativeTarget;
			buildConfigurationList = C6289BBF1AF224B20038410A /* Build configuration list for PBXNativeTarget "ImageZoom" */;
			buildPhases = (
				C6289B9E1AF224B20038410A /* Sources */,
				C6289B9F1AF224B20038410A /* Frameworks */,
				C6289BA01AF224B20038410A /* Resources */,
			);
			buildRules = (
			);
			dependencies = (
			);
			name = ImageZoom;
			productName = ImageZoom;
			productReference = C6289BA21AF224B20038410A /* ImageZoom.app */;
			productType = "com.apple.product-type.application";
		};
		C6289BB41AF224B20038410A /* ImageZoomTests */ = {
			isa = PBXNativeTarget;
			buildConfigurationList = C6289BC21AF224B20038410A /* Build configuration list for PBXNativeTarget "ImageZoomTests" */;
			buildPhases = (
				C6289BB11AF224B20038410A /* Sources */,
				C6289BB21AF224B20038410A /* Frameworks */,
				C6289BB31AF224B20038410A /* Resources */,
			);
			buildRules = (
			);
			dependencies = (
				C6289BB71AF224B20038410A /* PBXTargetDependency */,
			);
			name = ImageZoomTests;
			productName = ImageZoomTests;
			productReference = C6289BB51AF224B20038410A /* ImageZoomTests.xctest */;
			productType = "com.apple.product-type.bundle.unit-test";
		};
/* End PBXNativeTarget section */

/* Begin PBXProject section */
		C6289B9A1AF224B20038410A /* Project object */ = {
			isa = PBXProject;
			attributes = {
				LastUpgradeCheck = 0630;
				ORGANIZATIONNAME = Chentao;
				TargetAttributes = {
					C6289BA11AF224B20038410A = {
						CreatedOnToolsVersion = 6.3;
					};
					C6289BB41AF224B20038410A = {
						CreatedOnToolsVersion = 6.3;
						TestTargetID = C6289BA11AF224B20038410A;
					};
				};
			};
			buildConfigurationList = C6289B9D1AF224B20038410A /* Build configuration list for PBXProject "ImageZoom" */;
			compatibilityVersion = "Xcode 3.2";
			developmentRegion = English;
			hasScannedForEncodings = 0;
			knownRegions = (
				en,
				Base,
			);
			mainGroup = C6289B991AF224B20038410A;
			productRefGroup = C6289BA31AF224B20038410A /* Products */;
			projectDirPath = "";
			projectRoot = "";
			targets = (
				C6289BA11AF224B20038410A /* ImageZoom */,
				C6289BB41AF224B20038410A /* ImageZoomTests */,
			);
		};
/* End PBXProject section */

/* Begin PBXResourcesBuildPhase section */
		C6289BA01AF224B20038410A /* Resources */ = {
			isa = PBXResourcesBuildPhase;
			buildActionMask = 2147483647;
			files = (
				C6289BCC1AF225E10038410A /* test.jpg in Resources */,
				C6289BCE1AF22EA90038410A /* test2.jpg in Resources */,
				C6289BB01AF224B20038410A /* LaunchScreen.xib in Resources */,
				C6289BAD1AF224B20038410A /* Images.xcassets in Resources */,
			);
			runOnlyForDeploymentPostprocessing = 0;
		};
		C6289BB31AF224B20038410A /* Resources */ = {
			isa = PBXResourcesBuildPhase;
			buildActionMask = 2147483647;
			files = (
			);
			runOnlyForDeploymentPostprocessing = 0;
		};
/* End PBXResourcesBuildPhase section */

/* Begin PBXSourcesBuildPhase section */
		C6289B9E1AF224B20038410A /* Sources */ = {
			isa = PBXSourcesBuildPhase;
			buildActionMask = 2147483647;
			files = (
				C6289BAB1AF224B20038410A /* AppDelegate.m in Sources */,
				C6289BCA1AF225070038410A /* ImageZoomView.m in Sources */,
				C6289BC71AF224CD0038410A /* MainViewController.m in Sources */,
				C6289BA81AF224B20038410A /* main.m in Sources */,
			);
			runOnlyForDeploymentPostprocessing = 0;
		};
		C6289BB11AF224B20038410A /* Sources */ = {
			isa = PBXSourcesBuildPhase;
			buildActionMask = 2147483647;
			files = (
				C6289BBC1AF224B20038410A /* ImageZoomTests.m in Sources */,
			);
			runOnlyForDeploymentPostprocessing = 0;
		};
/* End PBXSourcesBuildPhase section */

/* Begin PBXTargetDependency section */
		C6289BB71AF224B20038410A /* PBXTargetDependency */ = {
			isa = PBXTargetDependency;
			target = C6289BA11AF224B20038410A /* ImageZoom */;
			targetProxy = C6289BB61AF224B20038410A /* PBXContainerItemProxy */;
		};
/* End PBXTargetDependency section */

/* Begin PBXVariantGroup section */
		C6289BAE1AF224B20038410A /* LaunchScreen.xib */ = {
			isa = PBXVariantGroup;
			children = (
				C6289BAF1AF224B20038410A /* Base */,
			);
			name = LaunchScreen.xib;
			sourceTree = "<group>";
		};
/* End PBXVariantGroup section */

/* Begin XCBuildConfiguration section */
		C6289BBD1AF224B20038410A /* Debug */ = {
			isa = XCBuildConfiguration;
			buildSettings = {
				ALWAYS_SEARCH_USER_PATHS = NO;
				CLANG_CXX_LANGUAGE_STANDARD = "gnu++0x";
				CLANG_CXX_LIBRARY = "libc++";
				CLANG_ENABLE_MODULES = YES;
				CLANG_ENABLE_OBJC_ARC = YES;
				CLANG_WARN_BOOL_CONVERSION = YES;
				CLANG_WARN_CONSTANT_CONVERSION = YES;
				CLANG_WARN_DIRECT_OBJC_ISA_USAGE = YES_ERROR;
				CLANG_WARN_EMPTY_BODY = YES;
				CLANG_WARN_ENUM_CONVERSION = YES;
				CLANG_WARN_INT_CONVERSION = YES;
				CLANG_WARN_OBJC_ROOT_CLASS = YES_ERROR;
				CLANG_WARN_UNREACHABLE_CODE = YES;
				CLANG_WARN__DUPLICATE_METHOD_MATCH = YES;
				"CODE_SIGN_IDENTITY[sdk=iphoneos*]" = "iPhone Developer";
				COPY_PHASE_STRIP = NO;
				DEBUG_INFORMATION_FORMAT = "dwarf-with-dsym";
				ENABLE_STRICT_OBJC_MSGSEND = YES;
				GCC_C_LANGUAGE_STANDARD = gnu99;
				GCC_DYNAMIC_NO_PIC = NO;
				GCC_NO_COMMON_BLOCKS = YES;
				GCC_OPTIMIZATION_LEVEL = 0;
				GCC_PREPROCESSOR_DEFINITIONS = (
					"DEBUG=1",
					"$(inherited)",
				);
				GCC_SYMBOLS_PRIVATE_EXTERN = NO;
				GCC_WARN_64_TO_32_BIT_CONVERSION = YES;
				GCC_WARN_ABOUT_RETURN_TYPE = YES_ERROR;
				GCC_WARN_UNDECLARED_SELECTOR = YES;
				GCC_WARN_UNINITIALIZED_AUTOS = YES_AGGRESSIVE;
				GCC_WARN_UNUSED_FUNCTION = YES;
				GCC_WARN_UNUSED_VARIABLE = YES;
				IPHONEOS_DEPLOYMENT_TARGET = 8.3;
				MTL_ENABLE_DEBUG_INFO = YES;
				ONLY_ACTIVE_ARCH = YES;
				SDKROOT = iphoneos;
				TARGETED_DEVICE_FAMILY = "1,2";
			};
			name = Debug;
		};
		C6289BBE1AF224B20038410A /* Release */ = {
			isa = XCBuildConfiguration;
			buildSettings = {
				ALWAYS_SEARCH_USER_PATHS = NO;
				CLANG_CXX_LANGUAGE_STANDARD = "gnu++0x";
				CLANG_CXX_LIBRARY = "libc++";
				CLANG_ENABLE_MODULES = YES;
				CLANG_ENABLE_OBJC_ARC = YES;
				CLANG_WARN_BOOL_CONVERSION = YES;
				CLANG_WARN_CONSTANT_CONVERSION = YES;
				CLANG_WARN_DIRECT_OBJC_ISA_USAGE = YES_ERROR;
				CLANG_WARN_EMPTY_BODY = YES;
				CLANG_WARN_ENUM_CONVERSION = YES;
				CLANG_WARN_INT_CONVERSION = YES;
				CLANG_WARN_OBJC_ROOT_CLASS = YES_ERROR;
				CLANG_WARN_UNREACHABLE_CODE = YES;
				CLANG_WARN__DUPLICATE_METHOD_MATCH = YES;
				"CODE_SIGN_IDENTITY[sdk=iphoneos*]" = "iPhone Developer";
				COPY_PHASE_STRIP = NO;
				DEBUG_INFORMATION_FORMAT = "dwarf-with-dsym";
				ENABLE_NS_ASSERTIONS = NO;
				ENABLE_STRICT_OBJC_MSGSEND = YES;
				GCC_C_LANGUAGE_STANDARD = gnu99;
				GCC_NO_COMMON_BLOCKS = YES;
				GCC_WARN_64_TO_32_BIT_CONVERSION = YES;
				GCC_WARN_ABOUT_RETURN_TYPE = YES_ERROR;
				GCC_WARN_UNDECLARED_SELECTOR = YES;
				GCC_WARN_UNINITIALIZED_AUTOS = YES_AGGRESSIVE;
				GCC_WARN_UNUSED_FUNCTION = YES;
				GCC_WARN_UNUSED_VARIABLE = YES;
				IPHONEOS_DEPLOYMENT_TARGET = 8.3;
				MTL_ENABLE_DEBUG_INFO = NO;
				SDKROOT = iphoneos;
				TARGETED_DEVICE_FAMILY = "1,2";
				VALIDATE_PRODUCT = YES;
			};
			name = Release;
		};
		C6289BC01AF224B20038410A /* Debug */ = {
			isa = XCBuildConfiguration;
			buildSettings = {
				ASSETCATALOG_COMPILER_APPICON_NAME = AppIcon;
				INFOPLIST_FILE = ImageZoom/Info.plist;
				LD_RUNPATH_SEARCH_PATHS = "$(inherited) @executable_path/Frameworks";
				PRODUCT_NAME = "$(TARGET_NAME)";
				PROVISIONING_PROFILE = "ec36ddb5-dc0d-479d-be57-87228576a9a1";
			};
			name = Debug;
		};
		C6289BC11AF224B20038410A /* Release */ = {
			isa = XCBuildConfiguration;
			buildSettings = {
				ASSETCATALOG_COMPILER_APPICON_NAME = AppIcon;
				INFOPLIST_FILE = ImageZoom/Info.plist;
				LD_RUNPATH_SEARCH_PATHS = "$(inherited) @executable_path/Frameworks";
				PRODUCT_NAME = "$(TARGET_NAME)";
				PROVISIONING_PROFILE = "ec36ddb5-dc0d-479d-be57-87228576a9a1";
			};
			name = Release;
		};
		C6289BC31AF224B20038410A /* Debug */ = {
			isa = XCBuildConfiguration;
			buildSettings = {
				BUNDLE_LOADER = "$(TEST_HOST)";
				FRAMEWORK_SEARCH_PATHS = (
					"$(SDKROOT)/Developer/Library/Frameworks",
					"$(inherited)",
				);
				GCC_PREPROCESSOR_DEFINITIONS = (
					"DEBUG=1",
					"$(inherited)",
				);
				INFOPLIST_FILE = ImageZoomTests/Info.plist;
				LD_RUNPATH_SEARCH_PATHS = "$(inherited) @executable_path/Frameworks @loader_path/Frameworks";
				PRODUCT_NAME = "$(TARGET_NAME)";
				TEST_HOST = "$(BUILT_PRODUCTS_DIR)/ImageZoom.app/ImageZoom";
			};
			name = Debug;
		};
		C6289BC41AF224B20038410A /* Release */ = {
			isa = XCBuildConfiguration;
			buildSettings = {
				BUNDLE_LOADER = "$(TEST_HOST)";
				FRAMEWORK_SEARCH_PATHS = (
					"$(SDKROOT)/Developer/Library/Frameworks",
					"$(inherited)",
				);
				INFOPLIST_FILE = ImageZoomTests/Info.plist;
				LD_RUNPATH_SEARCH_PATHS = "$(inherited) @executable_path/Frameworks @loader_path/Frameworks";
				PRODUCT_NAME = "$(TARGET_NAME)";
				TEST_HOST = "$(BUILT_PRODUCTS_DIR)/ImageZoom.app/ImageZoom";
			};
			name = Release;
		};
/* End XCBuildConfiguration section */

/* Begin XCConfigurationList section */
		C6289B9D1AF224B20038410A /* Build configuration list for PBXProject "ImageZoom" */ = {
			isa = XCConfigurationList;
			buildConfigurations = (
				C6289BBD1AF224B20038410A /* Debug */,
				C6289BBE1AF224B20038410A /* Release */,
			);
			defaultConfigurationIsVisible = 0;
			defaultConfigurationName = Release;
		};
		C6289BBF1AF224B20038410A /* Build configuration list for PBXNativeTarget "ImageZoom" */ = {
			isa = XCConfigurationList;
			buildConfigurations = (
				C6289BC01AF224B20038410A /* Debug */,
				C6289BC11AF224B20038410A /* Release */,
			);
			defaultConfigurationIsVisible = 0;
		};
		C6289BC21AF224B20038410A /* Build configuration list for PBXNativeTarget "ImageZoomTests" */ = {
			isa = XCConfigurationList;
			buildConfigurations = (
				C6289BC31AF224B20038410A /* Debug */,
				C6289BC41AF224B20038410A /* Release */,
			);
			defaultConfigurationIsVisible = 0;
		};
/* End XCConfigurationList section */
	};
	rootObject = C6289B9A1AF224B20038410A /* Project object */;
}
