// !$*UTF8*$!
{
	archiveVersion = 1;
	classes = {
	};
	objectVersion = 46;
	objects = {

/* Begin PBXBuildFile section */
		C65A65131AA58130003DE36D /* NodeViewLayer.m in Sources */ = {isa = PBXBuildFile; fileRef = C65A65121AA58130003DE36D /* NodeViewLayer.m */; };
		C6C92EAF1A9F0E4100A82AB5 /* Foundation.framework in Frameworks */ = {isa = PBXBuildFile; fileRef = C6C92EAE1A9F0E4100A82AB5 /* Foundation.framework */; };
		C6C92EB11A9F0E4100A82AB5 /* CoreGraphics.framework in Frameworks */ = {isa = PBXBuildFile; fileRef = C6C92EB01A9F0E4100A82AB5 /* CoreGraphics.framework */; };
		C6C92EB31A9F0E4100A82AB5 /* UIKit.framework in Frameworks */ = {isa = PBXBuildFile; fileRef = C6C92EB21A9F0E4100A82AB5 /* UIKit.framework */; };
		C6C92EB91A9F0E4100A82AB5 /* InfoPlist.strings in Resources */ = {isa = PBXBuildFile; fileRef = C6C92EB71A9F0E4100A82AB5 /* InfoPlist.strings */; };
		C6C92EBB1A9F0E4100A82AB5 /* main.m in Sources */ = {isa = PBXBuildFile; fileRef = C6C92EBA1A9F0E4100A82AB5 /* main.m */; };
		C6C92EBF1A9F0E4100A82AB5 /* AppDelegate.m in Sources */ = {isa = PBXBuildFile; fileRef = C6C92EBE1A9F0E4100A82AB5 /* AppDelegate.m */; };
		C6C92EC11A9F0E4100A82AB5 /* Images.xcassets in Resources */ = {isa = PBXBuildFile; fileRef = C6C92EC01A9F0E4100A82AB5 /* Images.xcassets */; };
		C6C92EC81A9F0E4100A82AB5 /* XCTest.framework in Frameworks */ = {isa = PBXBuildFile; fileRef = C6C92EC71A9F0E4100A82AB5 /* XCTest.framework */; };
		C6C92EC91A9F0E4100A82AB5 /* Foundation.framework in Frameworks */ = {isa = PBXBuildFile; fileRef = C6C92EAE1A9F0E4100A82AB5 /* Foundation.framework */; };
		C6C92ECA1A9F0E4100A82AB5 /* UIKit.framework in Frameworks */ = {isa = PBXBuildFile; fileRef = C6C92EB21A9F0E4100A82AB5 /* UIKit.framework */; };
		C6C92ED21A9F0E4100A82AB5 /* InfoPlist.strings in Resources */ = {isa = PBXBuildFile; fileRef = C6C92ED01A9F0E4100A82AB5 /* InfoPlist.strings */; };
		C6C92ED41A9F0E4100A82AB5 /* NodeViewTests.m in Sources */ = {isa = PBXBuildFile; fileRef = C6C92ED31A9F0E4100A82AB5 /* NodeViewTests.m */; };
		C6E42A721A9F0E68005ADDF7 /* MainView.m in Sources */ = {isa = PBXBuildFile; fileRef = C6E42A711A9F0E68005ADDF7 /* MainView.m */; };
		C6E42A751A9F0E77005ADDF7 /* MainViewController.m in Sources */ = {isa = PBXBuildFile; fileRef = C6E42A741A9F0E77005ADDF7 /* MainViewController.m */; };
		C6E42A781A9F0EBE005ADDF7 /* NodeView.m in Sources */ = {isa = PBXBuildFile; fileRef = C6E42A771A9F0EBE005ADDF7 /* NodeView.m */; };
		C6E42A7A1A9F27B0005ADDF7 /* davichi.jpg in Resources */ = {isa = PBXBuildFile; fileRef = C6E42A791A9F27B0005ADDF7 /* davichi.jpg */; };
		C6E722051AA432AC002CC1AC /* CircleView.m in Sources */ = {isa = PBXBuildFile; fileRef = C6E722041AA432AC002CC1AC /* CircleView.m */; };
		C6E722071AA44810002CC1AC /* lyn.jpg in Resources */ = {isa = PBXBuildFile; fileRef = C6E722061AA44810002CC1AC /* lyn.jpg */; };
		C6E722091AA44B88002CC1AC /* secret.jpg in Resources */ = {isa = PBXBuildFile; fileRef = C6E722081AA44B88002CC1AC /* secret.jpg */; };
/* End PBXBuildFile section */

/* Begin PBXContainerItemProxy section */
		C6C92ECB1A9F0E4100A82AB5 /* PBXContainerItemProxy */ = {
			isa = PBXContainerItemProxy;
			containerPortal = C6C92EA31A9F0E4100A82AB5 /* Project object */;
			proxyType = 1;
			remoteGlobalIDString = C6C92EAA1A9F0E4100A82AB5;
			remoteInfo = NodeView;
		};
/* End PBXContainerItemProxy section */

/* Begin PBXFileReference section */
		C65A65111AA58130003DE36D /* NodeViewLayer.h */ = {isa = PBXFileReference; fileEncoding = 4; lastKnownFileType = sourcecode.c.h; path = NodeViewLayer.h; sourceTree = "<group>"; };
		C65A65121AA58130003DE36D /* NodeViewLayer.m */ = {isa = PBXFileReference; fileEncoding = 4; lastKnownFileType = sourcecode.c.objc; path = NodeViewLayer.m; sourceTree = "<group>"; };
		C6C92EAB1A9F0E4100A82AB5 /* NodeView.app */ = {isa = PBXFileReference; explicitFileType = wrapper.application; includeInIndex = 0; path = NodeView.app; sourceTree = BUILT_PRODUCTS_DIR; };
		C6C92EAE1A9F0E4100A82AB5 /* Foundation.framework */ = {isa = PBXFileReference; lastKnownFileType = wrapper.framework; name = Foundation.framework; path = System/Library/Frameworks/Foundation.framework; sourceTree = SDKROOT; };
		C6C92EB01A9F0E4100A82AB5 /* CoreGraphics.framework */ = {isa = PBXFileReference; lastKnownFileType = wrapper.framework; name = CoreGraphics.framework; path = System/Library/Frameworks/CoreGraphics.framework; sourceTree = SDKROOT; };
		C6C92EB21A9F0E4100A82AB5 /* UIKit.framework */ = {isa = PBXFileReference; lastKnownFileType = wrapper.framework; name = UIKit.framework; path = System/Library/Frameworks/UIKit.framework; sourceTree = SDKROOT; };
		C6C92EB61A9F0E4100A82AB5 /* NodeView-Info.plist */ = {isa = PBXFileReference; lastKnownFileType = text.plist.xml; path = "NodeView-Info.plist"; sourceTree = "<group>"; };
		C6C92EB81A9F0E4100A82AB5 /* en */ = {isa = PBXFileReference; lastKnownFileType = text.plist.strings; name = en; path = en.lproj/InfoPlist.strings; sourceTree = "<group>"; };
		C6C92EBA1A9F0E4100A82AB5 /* main.m */ = {isa = PBXFileReference; lastKnownFileType = sourcecode.c.objc; path = main.m; sourceTree = "<group>"; };
		C6C92EBC1A9F0E4100A82AB5 /* NodeView-Prefix.pch */ = {isa = PBXFileReference; lastKnownFileType = sourcecode.c.h; path = "NodeView-Prefix.pch"; sourceTree = "<group>"; };
		C6C92EBD1A9F0E4100A82AB5 /* AppDelegate.h */ = {isa = PBXFileReference; lastKnownFileType = sourcecode.c.h; path = AppDelegate.h; sourceTree = "<group>"; };
		C6C92EBE1A9F0E4100A82AB5 /* AppDelegate.m */ = {isa = PBXFileReference; lastKnownFileType = sourcecode.c.objc; path = AppDelegate.m; sourceTree = "<group>"; };
		C6C92EC01A9F0E4100A82AB5 /* Images.xcassets */ = {isa = PBXFileReference; lastKnownFileType = folder.assetcatalog; path = Images.xcassets; sourceTree = "<group>"; };
		C6C92EC61A9F0E4100A82AB5 /* NodeViewTests.xctest */ = {isa = PBXFileReference; explicitFileType = wrapper.cfbundle; includeInIndex = 0; path = NodeViewTests.xctest; sourceTree = BUILT_PRODUCTS_DIR; };
		C6C92EC71A9F0E4100A82AB5 /* XCTest.framework */ = {isa = PBXFileReference; lastKnownFileType = wrapper.framework; name = XCTest.framework; path = Library/Frameworks/XCTest.framework; sourceTree = DEVELOPER_DIR; };
		C6C92ECF1A9F0E4100A82AB5 /* NodeViewTests-Info.plist */ = {isa = PBXFileReference; lastKnownFileType = text.plist.xml; path = "NodeViewTests-Info.plist"; sourceTree = "<group>"; };
		C6C92ED11A9F0E4100A82AB5 /* en */ = {isa = PBXFileReference; lastKnownFileType = text.plist.strings; name = en; path = en.lproj/InfoPlist.strings; sourceTree = "<group>"; };
		C6C92ED31A9F0E4100A82AB5 /* NodeViewTests.m */ = {isa = PBXFileReference; lastKnownFileType = sourcecode.c.objc; path = NodeViewTests.m; sourceTree = "<group>"; };
		C6E42A701A9F0E68005ADDF7 /* MainView.h */ = {isa = PBXFileReference; fileEncoding = 4; lastKnownFileType = sourcecode.c.h; path = MainView.h; sourceTree = "<group>"; };
		C6E42A711A9F0E68005ADDF7 /* MainView.m */ = {isa = PBXFileReference; fileEncoding = 4; lastKnownFileType = sourcecode.c.objc; path = MainView.m; sourceTree = "<group>"; };
		C6E42A731A9F0E77005ADDF7 /* MainViewController.h */ = {isa = PBXFileReference; fileEncoding = 4; lastKnownFileType = sourcecode.c.h; path = MainViewController.h; sourceTree = "<group>"; };
		C6E42A741A9F0E77005ADDF7 /* MainViewController.m */ = {isa = PBXFileReference; fileEncoding = 4; lastKnownFileType = sourcecode.c.objc; path = MainViewController.m; sourceTree = "<group>"; };
		C6E42A761A9F0EBE005ADDF7 /* NodeView.h */ = {isa = PBXFileReference; fileEncoding = 4; lastKnownFileType = sourcecode.c.h; path = NodeView.h; sourceTree = "<group>"; };
		C6E42A771A9F0EBE005ADDF7 /* NodeView.m */ = {isa = PBXFileReference; fileEncoding = 4; lastKnownFileType = sourcecode.c.objc; path = NodeView.m; sourceTree = "<group>"; };
		C6E42A791A9F27B0005ADDF7 /* davichi.jpg */ = {isa = PBXFileReference; lastKnownFileType = image.jpeg; path = davichi.jpg; sourceTree = "<group>"; };
		C6E722031AA432AC002CC1AC /* CircleView.h */ = {isa = PBXFileReference; fileEncoding = 4; lastKnownFileType = sourcecode.c.h; path = CircleView.h; sourceTree = "<group>"; };
		C6E722041AA432AC002CC1AC /* CircleView.m */ = {isa = PBXFileReference; fileEncoding = 4; lastKnownFileType = sourcecode.c.objc; path = CircleView.m; sourceTree = "<group>"; };
		C6E722061AA44810002CC1AC /* lyn.jpg */ = {isa = PBXFileReference; lastKnownFileType = image.jpeg; path = lyn.jpg; sourceTree = "<group>"; };
		C6E722081AA44B88002CC1AC /* secret.jpg */ = {isa = PBXFileReference; lastKnownFileType = image.jpeg; path = secret.jpg; sourceTree = "<group>"; };
/* End PBXFileReference section */

/* Begin PBXFrameworksBuildPhase section */
		C6C92EA81A9F0E4100A82AB5 /* Frameworks */ = {
			isa = PBXFrameworksBuildPhase;
			buildActionMask = 2147483647;
			files = (
				C6C92EB11A9F0E4100A82AB5 /* CoreGraphics.framework in Frameworks */,
				C6C92EB31A9F0E4100A82AB5 /* UIKit.framework in Frameworks */,
				C6C92EAF1A9F0E4100A82AB5 /* Foundation.framework in Frameworks */,
			);
			runOnlyForDeploymentPostprocessing = 0;
		};
		C6C92EC31A9F0E4100A82AB5 /* Frameworks */ = {
			isa = PBXFrameworksBuildPhase;
			buildActionMask = 2147483647;
			files = (
				C6C92EC81A9F0E4100A82AB5 /* XCTest.framework in Frameworks */,
				C6C92ECA1A9F0E4100A82AB5 /* UIKit.framework in Frameworks */,
				C6C92EC91A9F0E4100A82AB5 /* Foundation.framework in Frameworks */,
			);
			runOnlyForDeploymentPostprocessing = 0;
		};
/* End PBXFrameworksBuildPhase section */

/* Begin PBXGroup section */
		C6C92EA21A9F0E4100A82AB5 = {
			isa = PBXGroup;
			children = (
				C6C92EB41A9F0E4100A82AB5 /* NodeView */,
				C6C92ECD1A9F0E4100A82AB5 /* NodeViewTests */,
				C6C92EAD1A9F0E4100A82AB5 /* Frameworks */,
				C6C92EAC1A9F0E4100A82AB5 /* Products */,
			);
			sourceTree = "<group>";
		};
		C6C92EAC1A9F0E4100A82AB5 /* Products */ = {
			isa = PBXGroup;
			children = (
				C6C92EAB1A9F0E4100A82AB5 /* NodeView.app */,
				C6C92EC61A9F0E4100A82AB5 /* NodeViewTests.xctest */,
			);
			name = Products;
			sourceTree = "<group>";
		};
		C6C92EAD1A9F0E4100A82AB5 /* Frameworks */ = {
			isa = PBXGroup;
			children = (
				C6C92EAE1A9F0E4100A82AB5 /* Foundation.framework */,
				C6C92EB01A9F0E4100A82AB5 /* CoreGraphics.framework */,
				C6C92EB21A9F0E4100A82AB5 /* UIKit.framework */,
				C6C92EC71A9F0E4100A82AB5 /* XCTest.framework */,
			);
			name = Frameworks;
			sourceTree = "<group>";
		};
		C6C92EB41A9F0E4100A82AB5 /* NodeView */ = {
			isa = PBXGroup;
			children = (
				C6E42A791A9F27B0005ADDF7 /* davichi.jpg */,
				C6E722081AA44B88002CC1AC /* secret.jpg */,
				C6E722061AA44810002CC1AC /* lyn.jpg */,
				C6C92EBD1A9F0E4100A82AB5 /* AppDelegate.h */,
				C6C92EBE1A9F0E4100A82AB5 /* AppDelegate.m */,
				C6C92EC01A9F0E4100A82AB5 /* Images.xcassets */,
				C6C92EB51A9F0E4100A82AB5 /* Supporting Files */,
				C6E42A701A9F0E68005ADDF7 /* MainView.h */,
				C6E42A711A9F0E68005ADDF7 /* MainView.m */,
				C6E42A731A9F0E77005ADDF7 /* MainViewController.h */,
				C6E42A741A9F0E77005ADDF7 /* MainViewController.m */,
				C6E42A761A9F0EBE005ADDF7 /* NodeView.h */,
				C6E42A771A9F0EBE005ADDF7 /* NodeView.m */,
				C6E722031AA432AC002CC1AC /* CircleView.h */,
				C6E722041AA432AC002CC1AC /* CircleView.m */,
				C65A65111AA58130003DE36D /* NodeViewLayer.h */,
				C65A65121AA58130003DE36D /* NodeViewLayer.m */,
			);
			path = NodeView;
			sourceTree = "<group>";
		};
		C6C92EB51A9F0E4100A82AB5 /* Supporting Files */ = {
			isa = PBXGroup;
			children = (
				C6C92EB61A9F0E4100A82AB5 /* NodeView-Info.plist */,
				C6C92EB71A9F0E4100A82AB5 /* InfoPlist.strings */,
				C6C92EBA1A9F0E4100A82AB5 /* main.m */,
				C6C92EBC1A9F0E4100A82AB5 /* NodeView-Prefix.pch */,
			);
			name = "Supporting Files";
			sourceTree = "<group>";
		};
		C6C92ECD1A9F0E4100A82AB5 /* NodeViewTests */ = {
			isa = PBXGroup;
			children = (
				C6C92ED31A9F0E4100A82AB5 /* NodeViewTests.m */,
				C6C92ECE1A9F0E4100A82AB5 /* Supporting Files */,
			);
			path = NodeViewTests;
			sourceTree = "<group>";
		};
		C6C92ECE1A9F0E4100A82AB5 /* Supporting Files */ = {
			isa = PBXGroup;
			children = (
				C6C92ECF1A9F0E4100A82AB5 /* NodeViewTests-Info.plist */,
				C6C92ED01A9F0E4100A82AB5 /* InfoPlist.strings */,
			);
			name = "Supporting Files";
			sourceTree = "<group>";
		};
/* End PBXGroup section */

/* Begin PBXNativeTarget section */
		C6C92EAA1A9F0E4100A82AB5 /* NodeView */ = {
			isa = PBXNativeTarget;
			buildConfigurationList = C6C92ED71A9F0E4100A82AB5 /* Build configuration list for PBXNativeTarget "NodeView" */;
			buildPhases = (
				C6C92EA71A9F0E4100A82AB5 /* Sources */,
				C6C92EA81A9F0E4100A82AB5 /* Frameworks */,
				C6C92EA91A9F0E4100A82AB5 /* Resources */,
			);
			buildRules = (
			);
			dependencies = (
			);
			name = NodeView;
			productName = NodeView;
			productReference = C6C92EAB1A9F0E4100A82AB5 /* NodeView.app */;
			productType = "com.apple.product-type.application";
		};
		C6C92EC51A9F0E4100A82AB5 /* NodeViewTests */ = {
			isa = PBXNativeTarget;
			buildConfigurationList = C6C92EDA1A9F0E4100A82AB5 /* Build configuration list for PBXNativeTarget "NodeViewTests" */;
			buildPhases = (
				C6C92EC21A9F0E4100A82AB5 /* Sources */,
				C6C92EC31A9F0E4100A82AB5 /* Frameworks */,
				C6C92EC41A9F0E4100A82AB5 /* Resources */,
			);
			buildRules = (
			);
			dependencies = (
				C6C92ECC1A9F0E4100A82AB5 /* PBXTargetDependency */,
			);
			name = NodeViewTests;
			productName = NodeViewTests;
			productReference = C6C92EC61A9F0E4100A82AB5 /* NodeViewTests.xctest */;
			productType = "com.apple.product-type.bundle.unit-test";
		};
/* End PBXNativeTarget section */

/* Begin PBXProject section */
		C6C92EA31A9F0E4100A82AB5 /* Project object */ = {
			isa = PBXProject;
			attributes = {
				LastUpgradeCheck = 0510;
				ORGANIZATIONNAME = CT;
				TargetAttributes = {
					C6C92EC51A9F0E4100A82AB5 = {
						TestTargetID = C6C92EAA1A9F0E4100A82AB5;
					};
				};
			};
			buildConfigurationList = C6C92EA61A9F0E4100A82AB5 /* Build configuration list for PBXProject "NodeView" */;
			compatibilityVersion = "Xcode 3.2";
			developmentRegion = English;
			hasScannedForEncodings = 0;
			knownRegions = (
				en,
			);
			mainGroup = C6C92EA21A9F0E4100A82AB5;
			productRefGroup = C6C92EAC1A9F0E4100A82AB5 /* Products */;
			projectDirPath = "";
			projectRoot = "";
			targets = (
				C6C92EAA1A9F0E4100A82AB5 /* NodeView */,
				C6C92EC51A9F0E4100A82AB5 /* NodeViewTests */,
			);
		};
/* End PBXProject section */

/* Begin PBXResourcesBuildPhase section */
		C6C92EA91A9F0E4100A82AB5 /* Resources */ = {
			isa = PBXResourcesBuildPhase;
			buildActionMask = 2147483647;
			files = (
				C6C92EB91A9F0E4100A82AB5 /* InfoPlist.strings in Resources */,
				C6C92EC11A9F0E4100A82AB5 /* Images.xcassets in Resources */,
				C6E42A7A1A9F27B0005ADDF7 /* davichi.jpg in Resources */,
				C6E722071AA44810002CC1AC /* lyn.jpg in Resources */,
				C6E722091AA44B88002CC1AC /* secret.jpg in Resources */,
			);
			runOnlyForDeploymentPostprocessing = 0;
		};
		C6C92EC41A9F0E4100A82AB5 /* Resources */ = {
			isa = PBXResourcesBuildPhase;
			buildActionMask = 2147483647;
			files = (
				C6C92ED21A9F0E4100A82AB5 /* InfoPlist.strings in Resources */,
			);
			runOnlyForDeploymentPostprocessing = 0;
		};
/* End PBXResourcesBuildPhase section */

/* Begin PBXSourcesBuildPhase section */
		C6C92EA71A9F0E4100A82AB5 /* Sources */ = {
			isa = PBXSourcesBuildPhase;
			buildActionMask = 2147483647;
			files = (
				C65A65131AA58130003DE36D /* NodeViewLayer.m in Sources */,
				C6C92EBF1A9F0E4100A82AB5 /* AppDelegate.m in Sources */,
				C6E42A781A9F0EBE005ADDF7 /* NodeView.m in Sources */,
				C6E722051AA432AC002CC1AC /* CircleView.m in Sources */,
				C6C92EBB1A9F0E4100A82AB5 /* main.m in Sources */,
				C6E42A721A9F0E68005ADDF7 /* MainView.m in Sources */,
				C6E42A751A9F0E77005ADDF7 /* MainViewController.m in Sources */,
			);
			runOnlyForDeploymentPostprocessing = 0;
		};
		C6C92EC21A9F0E4100A82AB5 /* Sources */ = {
			isa = PBXSourcesBuildPhase;
			buildActionMask = 2147483647;
			files = (
				C6C92ED41A9F0E4100A82AB5 /* NodeViewTests.m in Sources */,
			);
			runOnlyForDeploymentPostprocessing = 0;
		};
/* End PBXSourcesBuildPhase section */

/* Begin PBXTargetDependency section */
		C6C92ECC1A9F0E4100A82AB5 /* PBXTargetDependency */ = {
			isa = PBXTargetDependency;
			target = C6C92EAA1A9F0E4100A82AB5 /* NodeView */;
			targetProxy = C6C92ECB1A9F0E4100A82AB5 /* PBXContainerItemProxy */;
		};
/* End PBXTargetDependency section */

/* Begin PBXVariantGroup section */
		C6C92EB71A9F0E4100A82AB5 /* InfoPlist.strings */ = {
			isa = PBXVariantGroup;
			children = (
				C6C92EB81A9F0E4100A82AB5 /* en */,
			);
			name = InfoPlist.strings;
			sourceTree = "<group>";
		};
		C6C92ED01A9F0E4100A82AB5 /* InfoPlist.strings */ = {
			isa = PBXVariantGroup;
			children = (
				C6C92ED11A9F0E4100A82AB5 /* en */,
			);
			name = InfoPlist.strings;
			sourceTree = "<group>";
		};
/* End PBXVariantGroup section */

/* Begin XCBuildConfiguration section */
		C6C92ED51A9F0E4100A82AB5 /* Debug */ = {
			isa = XCBuildConfiguration;
			buildSettings = {
				ALWAYS_SEARCH_USER_PATHS = NO;
				CLANG_CXX_LANGUAGE_STANDARD = "gnu++0x";
				CLANG_CXX_LIBRARY = "libc++";
				CLANG_ENABLE_MODULES = YES;
				CLANG_ENABLE_OBJC_ARC = YES;
				CLANG_WARN_BOOL_CONVERSION = YES;
				CLANG_WARN_CONSTANT_CONVERSION = YES;
				CLANG_WARN_DIRECT_OBJC_ISA_USAGE = YES_ERROR;
				CLANG_WARN_EMPTY_BODY = YES;
				CLANG_WARN_ENUM_CONVERSION = YES;
				CLANG_WARN_INT_CONVERSION = YES;
				CLANG_WARN_OBJC_ROOT_CLASS = YES_ERROR;
				CLANG_WARN__DUPLICATE_METHOD_MATCH = YES;
				"CODE_SIGN_IDENTITY[sdk=iphoneos*]" = "iPhone Developer";
				COPY_PHASE_STRIP = NO;
				GCC_C_LANGUAGE_STANDARD = gnu99;
				GCC_DYNAMIC_NO_PIC = NO;
				GCC_OPTIMIZATION_LEVEL = 0;
				GCC_PREPROCESSOR_DEFINITIONS = (
					"DEBUG=1",
					"$(inherited)",
				);
				GCC_SYMBOLS_PRIVATE_EXTERN = NO;
				GCC_WARN_64_TO_32_BIT_CONVERSION = YES;
				GCC_WARN_ABOUT_RETURN_TYPE = YES_ERROR;
				GCC_WARN_UNDECLARED_SELECTOR = YES;
				GCC_WARN_UNINITIALIZED_AUTOS = YES_AGGRESSIVE;
				GCC_WARN_UNUSED_FUNCTION = YES;
				GCC_WARN_UNUSED_VARIABLE = YES;
				IPHONEOS_DEPLOYMENT_TARGET = 7.1;
				ONLY_ACTIVE_ARCH = YES;
				SDKROOT = iphoneos;
				TARGETED_DEVICE_FAMILY = "1,2";
			};
			name = Debug;
		};
		C6C92ED61A9F0E4100A82AB5 /* Release */ = {
			isa = XCBuildConfiguration;
			buildSettings = {
				ALWAYS_SEARCH_USER_PATHS = NO;
				CLANG_CXX_LANGUAGE_STANDARD = "gnu++0x";
				CLANG_CXX_LIBRARY = "libc++";
				CLANG_ENABLE_MODULES = YES;
				CLANG_ENABLE_OBJC_ARC = YES;
				CLANG_WARN_BOOL_CONVERSION = YES;
				CLANG_WARN_CONSTANT_CONVERSION = YES;
				CLANG_WARN_DIRECT_OBJC_ISA_USAGE = YES_ERROR;
				CLANG_WARN_EMPTY_BODY = YES;
				CLANG_WARN_ENUM_CONVERSION = YES;
				CLANG_WARN_INT_CONVERSION = YES;
				CLANG_WARN_OBJC_ROOT_CLASS = YES_ERROR;
				CLANG_WARN__DUPLICATE_METHOD_MATCH = YES;
				"CODE_SIGN_IDENTITY[sdk=iphoneos*]" = "iPhone Developer";
				COPY_PHASE_STRIP = YES;
				ENABLE_NS_ASSERTIONS = NO;
				GCC_C_LANGUAGE_STANDARD = gnu99;
				GCC_WARN_64_TO_32_BIT_CONVERSION = YES;
				GCC_WARN_ABOUT_RETURN_TYPE = YES_ERROR;
				GCC_WARN_UNDECLARED_SELECTOR = YES;
				GCC_WARN_UNINITIALIZED_AUTOS = YES_AGGRESSIVE;
				GCC_WARN_UNUSED_FUNCTION = YES;
				GCC_WARN_UNUSED_VARIABLE = YES;
				IPHONEOS_DEPLOYMENT_TARGET = 7.1;
				SDKROOT = iphoneos;
				TARGETED_DEVICE_FAMILY = "1,2";
				VALIDATE_PRODUCT = YES;
			};
			name = Release;
		};
		C6C92ED81A9F0E4100A82AB5 /* Debug */ = {
			isa = XCBuildConfiguration;
			buildSettings = {
				ASSETCATALOG_COMPILER_APPICON_NAME = AppIcon;
				ASSETCATALOG_COMPILER_LAUNCHIMAGE_NAME = LaunchImage;
				GCC_PRECOMPILE_PREFIX_HEADER = YES;
				GCC_PREFIX_HEADER = "NodeView/NodeView-Prefix.pch";
				INFOPLIST_FILE = "NodeView/NodeView-Info.plist";
				PRODUCT_NAME = "$(TARGET_NAME)";
				WRAPPER_EXTENSION = app;
			};
			name = Debug;
		};
		C6C92ED91A9F0E4100A82AB5 /* Release */ = {
			isa = XCBuildConfiguration;
			buildSettings = {
				ASSETCATALOG_COMPILER_APPICON_NAME = AppIcon;
				ASSETCATALOG_COMPILER_LAUNCHIMAGE_NAME = LaunchImage;
				GCC_PRECOMPILE_PREFIX_HEADER = YES;
				GCC_PREFIX_HEADER = "NodeView/NodeView-Prefix.pch";
				INFOPLIST_FILE = "NodeView/NodeView-Info.plist";
				PRODUCT_NAME = "$(TARGET_NAME)";
				WRAPPER_EXTENSION = app;
			};
			name = Release;
		};
		C6C92EDB1A9F0E4100A82AB5 /* Debug */ = {
			isa = XCBuildConfiguration;
			buildSettings = {
				BUNDLE_LOADER = "$(BUILT_PRODUCTS_DIR)/NodeView.app/NodeView";
				FRAMEWORK_SEARCH_PATHS = (
					"$(SDKROOT)/Developer/Library/Frameworks",
					"$(inherited)",
					"$(DEVELOPER_FRAMEWORKS_DIR)",
				);
				GCC_PRECOMPILE_PREFIX_HEADER = YES;
				GCC_PREFIX_HEADER = "NodeView/NodeView-Prefix.pch";
				GCC_PREPROCESSOR_DEFINITIONS = (
					"DEBUG=1",
					"$(inherited)",
				);
				INFOPLIST_FILE = "NodeViewTests/NodeViewTests-Info.plist";
				PRODUCT_NAME = "$(TARGET_NAME)";
				TEST_HOST = "$(BUNDLE_LOADER)";
				WRAPPER_EXTENSION = xctest;
			};
			name = Debug;
		};
		C6C92EDC1A9F0E4100A82AB5 /* Release */ = {
			isa = XCBuildConfiguration;
			buildSettings = {
				BUNDLE_LOADER = "$(BUILT_PRODUCTS_DIR)/NodeView.app/NodeView";
				FRAMEWORK_SEARCH_PATHS = (
					"$(SDKROOT)/Developer/Library/Frameworks",
					"$(inherited)",
					"$(DEVELOPER_FRAMEWORKS_DIR)",
				);
				GCC_PRECOMPILE_PREFIX_HEADER = YES;
				GCC_PREFIX_HEADER = "NodeView/NodeView-Prefix.pch";
				INFOPLIST_FILE = "NodeViewTests/NodeViewTests-Info.plist";
				PRODUCT_NAME = "$(TARGET_NAME)";
				TEST_HOST = "$(BUNDLE_LOADER)";
				WRAPPER_EXTENSION = xctest;
			};
			name = Release;
		};
/* End XCBuildConfiguration section */

/* Begin XCConfigurationList section */
		C6C92EA61A9F0E4100A82AB5 /* Build configuration list for PBXProject "NodeView" */ = {
			isa = XCConfigurationList;
			buildConfigurations = (
				C6C92ED51A9F0E4100A82AB5 /* Debug */,
				C6C92ED61A9F0E4100A82AB5 /* Release */,
			);
			defaultConfigurationIsVisible = 0;
			defaultConfigurationName = Release;
		};
		C6C92ED71A9F0E4100A82AB5 /* Build configuration list for PBXNativeTarget "NodeView" */ = {
			isa = XCConfigurationList;
			buildConfigurations = (
				C6C92ED81A9F0E4100A82AB5 /* Debug */,
				C6C92ED91A9F0E4100A82AB5 /* Release */,
			);
			defaultConfigurationIsVisible = 0;
			defaultConfigurationName = Release;
		};
		C6C92EDA1A9F0E4100A82AB5 /* Build configuration list for PBXNativeTarget "NodeViewTests" */ = {
			isa = XCConfigurationList;
			buildConfigurations = (
				C6C92EDB1A9F0E4100A82AB5 /* Debug */,
				C6C92EDC1A9F0E4100A82AB5 /* Release */,
			);
			defaultConfigurationIsVisible = 0;
			defaultConfigurationName = Release;
		};
/* End XCConfigurationList section */
	};
	rootObject = C6C92EA31A9F0E4100A82AB5 /* Project object */;
}
